
Microsoft Visual Studio Solution File, Format Version 12.00
# Visual Studio Version 17
VisualStudioVersion = 17.6.33723.286
MinimumVisualStudioVersion = 10.0.40219.1
Project("{FAE04EC0-301F-11D3-BF4B-00C04F79EFBC}") = "ChatApi.BLL", "ChatApi.BLL\ChatApi.BLL.csproj", "{3B719D82-7DF2-4546-8CAE-E3F3D921AB4D}"
EndProject
Project("{FAE04EC0-301F-11D3-BF4B-00C04F79EFBC}") = "ChatApi.DAL", "ChatApi.DAL\ChatApi.DAL.csproj", "{C8443014-EC58-44C2-9E01-57586BEF8D3E}"
EndProject
Project("{FAE04EC0-301F-11D3-BF4B-00C04F79EFBC}") = "ChatApi.WEB", "ChatApi.WEB\ChatApi.WEB.csproj", "{DCF53766-B124-49B1-BCF6-602DB70BEEE3}"
EndProject
Project("{FAE04EC0-301F-11D3-BF4B-00C04F79EFBC}") = "ChatApi.Tests", "ChatApi.Tests\ChatApi.Tests.csproj", "{AFC2F9A9-A8EC-400A-9C94-1120DD01D227}"
EndProject
Global
	GlobalSection(SolutionConfigurationPlatforms) = preSolution
		Debug|Any CPU = Debug|Any CPU
		Release|Any CPU = Release|Any CPU
	EndGlobalSection
	GlobalSection(ProjectConfigurationPlatforms) = postSolution
		{3B719D82-7DF2-4546-8CAE-E3F3D921AB4D}.Debug|Any CPU.ActiveCfg = Debug|Any CPU
		{3B719D82-7DF2-4546-8CAE-E3F3D921AB4D}.Debug|Any CPU.Build.0 = Debug|Any CPU
		{3B719D82-7DF2-4546-8CAE-E3F3D921AB4D}.Release|Any CPU.ActiveCfg = Release|Any CPU
		{3B719D82-7DF2-4546-8CAE-E3F3D921AB4D}.Release|Any CPU.Build.0 = Release|Any CPU
		{C8443014-EC58-44C2-9E01-57586BEF8D3E}.Debug|Any CPU.ActiveCfg = Debug|Any CPU
		{C8443014-EC58-44C2-9E01-57586BEF8D3E}.Debug|Any CPU.Build.0 = Debug|Any CPU
		{C8443014-EC58-44C2-9E01-57586BEF8D3E}.Release|Any CPU.ActiveCfg = Release|Any CPU
		{C8443014-EC58-44C2-9E01-57586BEF8D3E}.Release|Any CPU.Build.0 = Release|Any CPU
		{DCF53766-B124-49B1-BCF6-602DB70BEEE3}.Debug|Any CPU.ActiveCfg = Debug|Any CPU
		{DCF53766-B124-49B1-BCF6-602DB70BEEE3}.Debug|Any CPU.Build.0 = Debug|Any CPU
		{DCF53766-B124-49B1-BCF6-602DB70BEEE3}.Release|Any CPU.ActiveCfg = Release|Any CPU
		{DCF53766-B124-49B1-BCF6-602DB70BEEE3}.Release|Any CPU.Build.0 = Release|Any CPU
		{AFC2F9A9-A8EC-400A-9C94-1120DD01D227}.Debug|Any CPU.ActiveCfg = Debug|Any CPU
		{AFC2F9A9-A8EC-400A-9C94-1120DD01D227}.Debug|Any CPU.Build.0 = Debug|Any CPU
		{AFC2F9A9-A8EC-400A-9C94-1120DD01D227}.Release|Any CPU.ActiveCfg = Release|Any CPU
		{AFC2F9A9-A8EC-400A-9C94-1120DD01D227}.Release|Any CPU.Build.0 = Release|Any CPU
	EndGlobalSection
	GlobalSection(SolutionProperties) = preSolution
		HideSolutionNode = FALSE
	EndGlobalSection
	GlobalSection(ExtensibilityGlobals) = postSolution
		SolutionGuid = {BCCEBEEE-CD41-4A66-B4A0-486BFFC46D2F}
	EndGlobalSection
EndGlobal
